
Microsoft Visual Studio Solution File, Format Version 12.00
# Visual Studio Version 17
VisualStudioVersion = 17.10.35004.147
MinimumVisualStudioVersion = 10.0.40219.1
Project("{9A19103F-16F7-4668-BE54-9A1E7A4F7556}") = "Crossword", "Crossword\Crossword.csproj", "{27559E85-6008-4D72-A0CB-62F907F15569}"
EndProject
Project("{9A19103F-16F7-4668-BE54-9A1E7A4F7556}") = "CrossWeb", "CrossWeb\CrossWeb.csproj", "{1DBD1F1E-1F4C-4560-95D0-86D2E128886C}"
EndProject
Project("{2150E333-8FDC-42A3-9474-1A3956D46DE8}") = "Solution Items", "Solution Items", "{2F1807A0-15C8-462C-BFDB-21D001F03E20}"
	ProjectSection(SolutionItems) = preProject
		Dockerfile = Dockerfile
	EndProjectSection
EndProject
Global
	GlobalSection(SolutionConfigurationPlatforms) = preSolution
		Debug|Any CPU = Debug|Any CPU
		Release|Any CPU = Release|Any CPU
	EndGlobalSection
	GlobalSection(ProjectConfigurationPlatforms) = postSolution
		{27559E85-6008-4D72-A0CB-62F907F15569}.Debug|Any CPU.ActiveCfg = Debug|Any CPU
		{27559E85-6008-4D72-A0CB-62F907F15569}.Debug|Any CPU.Build.0 = Debug|Any CPU
		{27559E85-6008-4D72-A0CB-62F907F15569}.Release|Any CPU.ActiveCfg = Release|Any CPU
		{27559E85-6008-4D72-A0CB-62F907F15569}.Release|Any CPU.Build.0 = Release|Any CPU
		{1DBD1F1E-1F4C-4560-95D0-86D2E128886C}.Debug|Any CPU.ActiveCfg = Debug|Any CPU
		{1DBD1F1E-1F4C-4560-95D0-86D2E128886C}.Debug|Any CPU.Build.0 = Debug|Any CPU
		{1DBD1F1E-1F4C-4560-95D0-86D2E128886C}.Release|Any CPU.ActiveCfg = Release|Any CPU
		{1DBD1F1E-1F4C-4560-95D0-86D2E128886C}.Release|Any CPU.Build.0 = Release|Any CPU
	EndGlobalSection
	GlobalSection(SolutionProperties) = preSolution
		HideSolutionNode = FALSE
	EndGlobalSection
	GlobalSection(ExtensibilityGlobals) = postSolution
		SolutionGuid = {C4A2133C-EDFA-4854-9AE9-FF3F8017CD43}
	EndGlobalSection
EndGlobal
